lockfileVersion: '6.0'

settings:
  autoInstallPeers: true
  excludeLinksFromLockfile: false

dependencies:
  '@turf/bbox-polygon':
    specifier: ^6.5.0
    version: 6.5.0
  '@turf/boolean-point-in-polygon':
    specifier: ^6.5.0
    version: 6.5.0
  '@turf/boolean-within':
    specifier: ^6.5.0
    version: 6.5.0
  '@turf/helpers':
    specifier: ^6.5.0
    version: 6.5.0
  '@turf/intersect':
    specifier: ^6.5.0
    version: 6.5.0
  '@turf/points-within-polygon':
    specifier: ^6.5.0
    version: 6.5.0
  '@turf/union':
    specifier: ^6.5.0
    version: 6.5.0
  supercluster:
    specifier: ^8.0.1
    version: 8.0.1

devDependencies:
  '@types/supercluster':
    specifier: ^7.1.3
    version: 7.1.3
  typescript:
    specifier: ^5.2.2
    version: 5.2.2

packages:

  /@turf/bbox-polygon@6.5.0:
    resolution: {integrity: sha512-+/r0NyL1lOG3zKZmmf6L8ommU07HliP4dgYToMoTxqzsWzyLjaj/OzgQ8rBmv703WJX+aS6yCmLuIhYqyufyuw==}
    dependencies:
      '@turf/helpers': 6.5.0
    dev: false

  /@turf/bbox@6.5.0:
    resolution: {integrity: sha512-RBbLaao5hXTYyyg577iuMtDB8ehxMlUqHEJiMs8jT1GHkFhr6sYre3lmLsPeYEi/ZKj5TP5tt7fkzNdJ4GIVyw==}
    dependencies:
      '@turf/helpers': 6.5.0
      '@turf/meta': 6.5.0
    dev: false

  /@turf/boolean-point-in-polygon@6.5.0:
    resolution: {integrity: sha512-DtSuVFB26SI+hj0SjrvXowGTUCHlgevPAIsukssW6BG5MlNSBQAo70wpICBNJL6RjukXg8d2eXaAWuD/CqL00A==}
    dependencies:
      '@turf/helpers': 6.5.0
      '@turf/invariant': 6.5.0
    dev: false

  /@turf/boolean-point-on-line@6.5.0:
    resolution: {integrity: sha512-A1BbuQ0LceLHvq7F/P7w3QvfpmZqbmViIUPHdNLvZimFNLo4e6IQunmzbe+8aSStH9QRZm3VOflyvNeXvvpZEQ==}
    dependencies:
      '@turf/helpers': 6.5.0
      '@turf/invariant': 6.5.0
    dev: false

  /@turf/boolean-within@6.5.0:
    resolution: {integrity: sha512-YQB3oU18Inx35C/LU930D36RAVe7LDXk1kWsQ8mLmuqYn9YdPsDQTMTkLJMhoQ8EbN7QTdy333xRQ4MYgToteQ==}
    dependencies:
      '@turf/bbox': 6.5.0
      '@turf/boolean-point-in-polygon': 6.5.0
      '@turf/boolean-point-on-line': 6.5.0
      '@turf/helpers': 6.5.0
      '@turf/invariant': 6.5.0
    dev: false

  /@turf/helpers@6.5.0:
    resolution: {integrity: sha512-VbI1dV5bLFzohYYdgqwikdMVpe7pJ9X3E+dlr425wa2/sMJqYDhTO++ec38/pcPvPE6oD9WEEeU3Xu3gza+VPw==}
    dev: false

  /@turf/intersect@6.5.0:
    resolution: {integrity: sha512-2legGJeKrfFkzntcd4GouPugoqPUjexPZnOvfez+3SfIMrHvulw8qV8u7pfVyn2Yqs53yoVCEjS5sEpvQ5YRQg==}
    dependencies:
      '@turf/helpers': 6.5.0
      '@turf/invariant': 6.5.0
      polygon-clipping: 0.15.3
    dev: false

  /@turf/invariant@6.5.0:
    resolution: {integrity: sha512-Wv8PRNCtPD31UVbdJE/KVAWKe7l6US+lJItRR/HOEW3eh+U/JwRCSUl/KZ7bmjM/C+zLNoreM2TU6OoLACs4eg==}
    dependencies:
      '@turf/helpers': 6.5.0
    dev: false

  /@turf/meta@6.5.0:
    resolution: {integrity: sha512-RrArvtsV0vdsCBegoBtOalgdSOfkBrTJ07VkpiCnq/491W67hnMWmDu7e6Ztw0C3WldRYTXkg3SumfdzZxLBHA==}
    dependencies:
      '@turf/helpers': 6.5.0
    dev: false

  /@turf/points-within-polygon@6.5.0:
    resolution: {integrity: sha512-YyuheKqjliDsBDt3Ho73QVZk1VXX1+zIA2gwWvuz8bR1HXOkcuwk/1J76HuFMOQI3WK78wyAi+xbkx268PkQzQ==}
    dependencies:
      '@turf/boolean-point-in-polygon': 6.5.0
      '@turf/helpers': 6.5.0
      '@turf/meta': 6.5.0
    dev: false

  /@turf/union@6.5.0:
    resolution: {integrity: sha512-igYWCwP/f0RFHIlC2c0SKDuM/ObBaqSljI3IdV/x71805QbIvY/BYGcJdyNcgEA6cylIGl/0VSlIbpJHZ9ldhw==}
    dependencies:
      '@turf/helpers': 6.5.0
      '@turf/invariant': 6.5.0
      polygon-clipping: 0.15.3
    dev: false

  /@types/geojson@7946.0.13:
    resolution: {integrity: sha512-bmrNrgKMOhM3WsafmbGmC+6dsF2Z308vLFsQ3a/bT8X8Sv5clVYpPars/UPq+sAaJP+5OoLAYgwbkS5QEJdLUQ==}
    dev: true

  /@types/supercluster@7.1.3:
    resolution: {integrity: sha512-Z0pOY34GDFl3Q6hUFYf3HkTwKEE02e7QgtJppBt+beEAxnyOpJua+voGFvxINBHa06GwLFFym7gRPY2SiKIfIA==}
    dependencies:
      '@types/geojson': 7946.0.13
    dev: true

  /kdbush@4.0.2:
    resolution: {integrity: sha512-WbCVYJ27Sz8zi9Q7Q0xHC+05iwkm3Znipc2XTlrnJbsHMYktW4hPhXUE8Ys1engBrvffoSCqbil1JQAa7clRpA==}
    dev: false

  /polygon-clipping@0.15.3:
    resolution: {integrity: sha512-ho0Xx5DLkgxRx/+n4O74XyJ67DcyN3Tu9bGYKsnTukGAW6ssnuak6Mwcyb1wHy9MZc9xsUWqIoiazkZB5weECg==}
    dependencies:
      splaytree: 3.1.2
    dev: false

  /splaytree@3.1.2:
    resolution: {integrity: sha512-4OM2BJgC5UzrhVnnJA4BkHKGtjXNzzUfpQjCO8I05xYPsfS/VuQDwjCGGMi8rYQilHEV4j8NBqTFbls/PZEE7A==}
    dev: false

  /supercluster@8.0.1:
    resolution: {integrity: sha512-IiOea5kJ9iqzD2t7QJq/cREyLHTtSmUT6gQsweojg9WH2sYJqZK9SswTu6jrscO6D1G5v5vYZ9ru/eq85lXeZQ==}
    dependencies:
      kdbush: 4.0.2
    dev: false

  /typescript@5.2.2:
    resolution: {integrity: sha512-mI4WrpHsbCIcwT9cF4FZvr80QUeKvsUsUvKDoR+X/7XHQH98xYD8YHZg7ANtz2GtZt/CBq2QJ0thkGJMHfqc1w==}
    engines: {node: '>=14.17'}
    hasBin: true
    dev: true
